
Microsoft Visual Studio Solution File, Format Version 12.00
# Visual Studio 15
VisualStudioVersion = 15.0.27130.2020
MinimumVisualStudioVersion = 10.0.40219.1
Project("{FAE04EC0-301F-11D3-BF4B-00C04F79EFBC}") = "MaKa.TM.RecipesService", "MaKa.TM.RecipesService\MaKa.TM.RecipesService.csproj", "{4FDBFBD6-5222-485E-9274-7DACE17F7A91}"
EndProject
Project("{E53339B2-1760-4266-BCC7-CA923CBCF16C}") = "docker-compose", "docker-compose.dcproj", "{A1D8A09F-4C89-4310-923B-2E0E84646D64}"
EndProject
Global
	GlobalSection(SolutionConfigurationPlatforms) = preSolution
		Debug|Any CPU = Debug|Any CPU
		Release|Any CPU = Release|Any CPU
	EndGlobalSection
	GlobalSection(ProjectConfigurationPlatforms) = postSolution
		{4FDBFBD6-5222-485E-9274-7DACE17F7A91}.Debug|Any CPU.ActiveCfg = Debug|Any CPU
		{4FDBFBD6-5222-485E-9274-7DACE17F7A91}.Debug|Any CPU.Build.0 = Debug|Any CPU
		{4FDBFBD6-5222-485E-9274-7DACE17F7A91}.Release|Any CPU.ActiveCfg = Release|Any CPU
		{4FDBFBD6-5222-485E-9274-7DACE17F7A91}.Release|Any CPU.Build.0 = Release|Any CPU
		{A1D8A09F-4C89-4310-923B-2E0E84646D64}.Debug|Any CPU.ActiveCfg = Debug|Any CPU
		{A1D8A09F-4C89-4310-923B-2E0E84646D64}.Debug|Any CPU.Build.0 = Debug|Any CPU
		{A1D8A09F-4C89-4310-923B-2E0E84646D64}.Release|Any CPU.ActiveCfg = Release|Any CPU
		{A1D8A09F-4C89-4310-923B-2E0E84646D64}.Release|Any CPU.Build.0 = Release|Any CPU
	EndGlobalSection
	GlobalSection(SolutionProperties) = preSolution
		HideSolutionNode = FALSE
	EndGlobalSection
	GlobalSection(ExtensibilityGlobals) = postSolution
		SolutionGuid = {C646F933-2E53-4BDC-A103-427D95622D6F}
	EndGlobalSection
EndGlobal
